
Microsoft Visual Studio Solution File, Format Version 12.00
# Visual Studio Version 16
VisualStudioVersion = 16.0.31005.135
MinimumVisualStudioVersion = 10.0.40219.1
Project("{FAE04EC0-301F-11D3-BF4B-00C04F79EFBC}") = "Project MVC", "Project MVC\Project MVC.csproj", "{2716A512-5CD1-49F9-A5A4-0EB9942D7D0F}"
EndProject
Global
	GlobalSection(SolutionConfigurationPlatforms) = preSolution
		Debug|Any CPU = Debug|Any CPU
		Release|Any CPU = Release|Any CPU
	EndGlobalSection
	GlobalSection(ProjectConfigurationPlatforms) = postSolution
		{2716A512-5CD1-49F9-A5A4-0EB9942D7D0F}.Debug|Any CPU.ActiveCfg = Debug|Any CPU
		{2716A512-5CD1-49F9-A5A4-0EB9942D7D0F}.Debug|Any CPU.Build.0 = Debug|Any CPU
		{2716A512-5CD1-49F9-A5A4-0EB9942D7D0F}.Release|Any CPU.ActiveCfg = Release|Any CPU
		{2716A512-5CD1-49F9-A5A4-0EB9942D7D0F}.Release|Any CPU.Build.0 = Release|Any CPU
	EndGlobalSection
	GlobalSection(SolutionProperties) = preSolution
		HideSolutionNode = FALSE
	EndGlobalSection
	GlobalSection(ExtensibilityGlobals) = postSolution
		SolutionGuid = {76F25BD4-8E2B-46FC-9AA3-D643E508BC89}
	EndGlobalSection
EndGlobal
